
Microsoft Visual Studio Solution File, Format Version 12.00
# Visual Studio Version 17
VisualStudioVersion = 17.5.002.0
MinimumVisualStudioVersion = 10.0.40219.1
Project("{9A19103F-16F7-4668-BE54-9A1E7A4F7556}") = "Learning", "Learning.csproj", "{D67A467F-D06F-4A33-B709-99DA97F55D9C}"
EndProject
Global
	GlobalSection(SolutionConfigurationPlatforms) = preSolution
		Debug|Any CPU = Debug|Any CPU
		Release|Any CPU = Release|Any CPU
	EndGlobalSection
	GlobalSection(ProjectConfigurationPlatforms) = postSolution
		{D67A467F-D06F-4A33-B709-99DA97F55D9C}.Debug|Any CPU.ActiveCfg = Debug|Any CPU
		{D67A467F-D06F-4A33-B709-99DA97F55D9C}.Debug|Any CPU.Build.0 = Debug|Any CPU
		{D67A467F-D06F-4A33-B709-99DA97F55D9C}.Release|Any CPU.ActiveCfg = Release|Any CPU
		{D67A467F-D06F-4A33-B709-99DA97F55D9C}.Release|Any CPU.Build.0 = Release|Any CPU
	EndGlobalSection
	GlobalSection(SolutionProperties) = preSolution
		HideSolutionNode = FALSE
	EndGlobalSection
	GlobalSection(ExtensibilityGlobals) = postSolution
		SolutionGuid = {BC9AD90A-111B-450B-AC36-953F30DE951F}
	EndGlobalSection
EndGlobal
